{
  "name": "hashql",
  "version": "0.0.2",
  "lockfileVersion": 1,
  "requires": true,
  "dependencies": {
    "magic-string": {
      "version": "0.25.1",
      "resolved": "https://registry.npmjs.org/magic-string/-/magic-string-0.25.1.tgz",
      "integrity": "sha512-sCuTz6pYom8Rlt4ISPFn6wuFodbKMIHUMv4Qko9P17dpxb7s52KJTmRuZZqHdGmLCK9AOcDare039nRIcfdkEg==",
      "requires": {
        "sourcemap-codec": "^1.4.1"
      }
    },
    "rollup-plugin-modify": {
      "version": "2.0.1",
      "resolved": "https://registry.npmjs.org/rollup-plugin-modify/-/rollup-plugin-modify-2.0.1.tgz",
      "integrity": "sha512-QcqJMLhsoI+//gjBjNO2pV4qsdLyRkKyuabSbCpWcPfcWKupH73zni9uPTJ/HvxhXpz9E+v1mShpWVvASEQjDA==",
      "requires": {
        "magic-string": "0.25.1"
      }
    },
    "sourcemap-codec": {
      "version": "1.4.3",
      "resolved": "https://registry.npmjs.org/sourcemap-codec/-/sourcemap-codec-1.4.3.tgz",
      "integrity": "sha512-vFrY/x/NdsD7Yc8mpTJXuao9S8lq08Z/kOITHz6b7YbfI9xL8Spe5EvSQUHOI7SbpY8bRPr0U3kKSsPuqEGSfA=="
    }
  }
}
